// !$*UTF8*$!
{
	archiveVersion = 1;
	classes = {
	};
	objectVersion = 46;
	objects = {

/* Begin PBXBuildFile section */
		63699B4B6EF60CFFD31BF991 /* Pods_GithubExplorer.framework in Frameworks */ = {isa = PBXBuildFile; fileRef = F6663CA5E773A05EFFA073EE /* Pods_GithubExplorer.framework */; };
		9E148A151DF5F6B100F2E0C3 /* AppDelegate.swift in Sources */ = {isa = PBXBuildFile; fileRef = 9E148A141DF5F6B100F2E0C3 /* AppDelegate.swift */; };
		9E148A171DF5F6B100F2E0C3 /* ViewController.swift in Sources */ = {isa = PBXBuildFile; fileRef = 9E148A161DF5F6B100F2E0C3 /* ViewController.swift */; };
		9E148A1A1DF5F6B100F2E0C3 /* Main.storyboard in Resources */ = {isa = PBXBuildFile; fileRef = 9E148A181DF5F6B100F2E0C3 /* Main.storyboard */; };
		9E148A1C1DF5F6B100F2E0C3 /* Assets.xcassets in Resources */ = {isa = PBXBuildFile; fileRef = 9E148A1B1DF5F6B100F2E0C3 /* Assets.xcassets */; };
		9E148A1F1DF5F6B100F2E0C3 /* LaunchScreen.storyboard in Resources */ = {isa = PBXBuildFile; fileRef = 9E148A1D1DF5F6B100F2E0C3 /* LaunchScreen.storyboard */; };
		9E148A271DF5F88000F2E0C3 /* GithubService.swift in Sources */ = {isa = PBXBuildFile; fileRef = 9E148A261DF5F88000F2E0C3 /* GithubService.swift */; };
		9E148A291DF5FCE300F2E0C3 /* LoginViewController.swift in Sources */ = {isa = PBXBuildFile; fileRef = 9E148A281DF5FCE300F2E0C3 /* LoginViewController.swift */; };
		9E148A2B1DF6D56900F2E0C3 /* CredentialsStorage.swift in Sources */ = {isa = PBXBuildFile; fileRef = 9E148A2A1DF6D56900F2E0C3 /* CredentialsStorage.swift */; };
		9E148A2D1DF6D7B400F2E0C3 /* UnauthenticatedPlugin.swift in Sources */ = {isa = PBXBuildFile; fileRef = 9E148A2C1DF6D7B400F2E0C3 /* UnauthenticatedPlugin.swift */; };
/* End PBXBuildFile section */

/* Begin PBXFileReference section */
		9C6C8D6F1C4B328098C4677C /* Pods-GithubExplorer.debug.xcconfig */ = {isa = PBXFileReference; includeInIndex = 1; lastKnownFileType = text.xcconfig; name = "Pods-GithubExplorer.debug.xcconfig"; path = "Pods/Target Support Files/Pods-GithubExplorer/Pods-GithubExplorer.debug.xcconfig"; sourceTree = "<group>"; };
		9E148A111DF5F6B100F2E0C3 /* GithubExplorer.app */ = {isa = PBXFileReference; explicitFileType = wrapper.application; includeInIndex = 0; path = GithubExplorer.app; sourceTree = BUILT_PRODUCTS_DIR; };
		9E148A141DF5F6B100F2E0C3 /* AppDelegate.swift */ = {isa = PBXFileReference; lastKnownFileType = sourcecode.swift; path = AppDelegate.swift; sourceTree = "<group>"; };
		9E148A161DF5F6B100F2E0C3 /* ViewController.swift */ = {isa = PBXFileReference; lastKnownFileType = sourcecode.swift; path = ViewController.swift; sourceTree = "<group>"; };
		9E148A191DF5F6B100F2E0C3 /* Base */ = {isa = PBXFileReference; lastKnownFileType = file.storyboard; name = Base; path = Base.lproj/Main.storyboard; sourceTree = "<group>"; };
		9E148A1B1DF5F6B100F2E0C3 /* Assets.xcassets */ = {isa = PBXFileReference; lastKnownFileType = folder.assetcatalog; path = Assets.xcassets; sourceTree = "<group>"; };
		9E148A1E1DF5F6B100F2E0C3 /* Base */ = {isa = PBXFileReference; lastKnownFileType = file.storyboard; name = Base; path = Base.lproj/LaunchScreen.storyboard; sourceTree = "<group>"; };
		9E148A201DF5F6B100F2E0C3 /* Info.plist */ = {isa = PBXFileReference; lastKnownFileType = text.plist.xml; path = Info.plist; sourceTree = "<group>"; };
		9E148A261DF5F88000F2E0C3 /* GithubService.swift */ = {isa = PBXFileReference; fileEncoding = 4; lastKnownFileType = sourcecode.swift; path = GithubService.swift; sourceTree = "<group>"; };
		9E148A281DF5FCE300F2E0C3 /* LoginViewController.swift */ = {isa = PBXFileReference; fileEncoding = 4; lastKnownFileType = sourcecode.swift; path = LoginViewController.swift; sourceTree = "<group>"; };
		9E148A2A1DF6D56900F2E0C3 /* CredentialsStorage.swift */ = {isa = PBXFileReference; fileEncoding = 4; lastKnownFileType = sourcecode.swift; path = CredentialsStorage.swift; sourceTree = "<group>"; };
		9E148A2C1DF6D7B400F2E0C3 /* UnauthenticatedPlugin.swift */ = {isa = PBXFileReference; fileEncoding = 4; lastKnownFileType = sourcecode.swift; path = UnauthenticatedPlugin.swift; sourceTree = "<group>"; };
		B755E3DEF9206C6672F1DDB7 /* Pods-GithubExplorer.release.xcconfig */ = {isa = PBXFileReference; includeInIndex = 1; lastKnownFileType = text.xcconfig; name = "Pods-GithubExplorer.release.xcconfig"; path = "Pods/Target Support Files/Pods-GithubExplorer/Pods-GithubExplorer.release.xcconfig"; sourceTree = "<group>"; };
		F6663CA5E773A05EFFA073EE /* Pods_GithubExplorer.framework */ = {isa = PBXFileReference; explicitFileType = wrapper.framework; includeInIndex = 0; path = Pods_GithubExplorer.framework; sourceTree = BUILT_PRODUCTS_DIR; };
/* End PBXFileReference section */

/* Begin PBXFrameworksBuildPhase section */
		9E148A0E1DF5F6B100F2E0C3 /* Frameworks */ = {
			isa = PBXFrameworksBuildPhase;
			buildActionMask = 2147483647;
			files = (
				63699B4B6EF60CFFD31BF991 /* Pods_GithubExplorer.framework in Frameworks */,
			);
			runOnlyForDeploymentPostprocessing = 0;
		};
/* End PBXFrameworksBuildPhase section */

/* Begin PBXGroup section */
		9E148A081DF5F6B100F2E0C3 = {
			isa = PBXGroup;
			children = (
				9E148A131DF5F6B100F2E0C3 /* GithubExplorer */,
				9E148A121DF5F6B100F2E0C3 /* Products */,
				CD2A33BDFC29B50F1B9AC6B2 /* Pods */,
				AE0D7DA4E7E1DE6AB57D0A21 /* Frameworks */,
			);
			sourceTree = "<group>";
		};
		9E148A121DF5F6B100F2E0C3 /* Products */ = {
			isa = PBXGroup;
			children = (
				9E148A111DF5F6B100F2E0C3 /* GithubExplorer.app */,
			);
			name = Products;
			sourceTree = "<group>";
		};
		9E148A131DF5F6B100F2E0C3 /* GithubExplorer */ = {
			isa = PBXGroup;
			children = (
				9E19F3FC1DF6FE10004C62F3 /* Network */,
				9E148A141DF5F6B100F2E0C3 /* AppDelegate.swift */,
				9E148A161DF5F6B100F2E0C3 /* ViewController.swift */,
				9E148A281DF5FCE300F2E0C3 /* LoginViewController.swift */,
				9E148A181DF5F6B100F2E0C3 /* Main.storyboard */,
				9E148A1B1DF5F6B100F2E0C3 /* Assets.xcassets */,
				9E148A1D1DF5F6B100F2E0C3 /* LaunchScreen.storyboard */,
				9E148A201DF5F6B100F2E0C3 /* Info.plist */,
			);
			path = GithubExplorer;
			sourceTree = "<group>";
		};
		9E19F3FC1DF6FE10004C62F3 /* Network */ = {
			isa = PBXGroup;
			children = (
				9E148A261DF5F88000F2E0C3 /* GithubService.swift */,
				9E148A2C1DF6D7B400F2E0C3 /* UnauthenticatedPlugin.swift */,
				9E148A2A1DF6D56900F2E0C3 /* CredentialsStorage.swift */,
			);
			name = Network;
			sourceTree = "<group>";
		};
		AE0D7DA4E7E1DE6AB57D0A21 /* Frameworks */ = {
			isa = PBXGroup;
			children = (
				F6663CA5E773A05EFFA073EE /* Pods_GithubExplorer.framework */,
			);
			name = Frameworks;
			sourceTree = "<group>";
		};
		CD2A33BDFC29B50F1B9AC6B2 /* Pods */ = {
			isa = PBXGroup;
			children = (
				9C6C8D6F1C4B328098C4677C /* Pods-GithubExplorer.debug.xcconfig */,
				B755E3DEF9206C6672F1DDB7 /* Pods-GithubExplorer.release.xcconfig */,
			);
			name = Pods;
			sourceTree = "<group>";
		};
/* End PBXGroup section */

/* Begin PBXNativeTarget section */
		9E148A101DF5F6B100F2E0C3 /* GithubExplorer */ = {
			isa = PBXNativeTarget;
			buildConfigurationList = 9E148A231DF5F6B100F2E0C3 /* Build configuration list for PBXNativeTarget "GithubExplorer" */;
			buildPhases = (
				1EA230BCA489D55D957DFC2C /* [CP] Check Pods Manifest.lock */,
				9E148A0D1DF5F6B100F2E0C3 /* Sources */,
				9E148A0E1DF5F6B100F2E0C3 /* Frameworks */,
				9E148A0F1DF5F6B100F2E0C3 /* Resources */,
				049ABE2D930BF95B932F922B /* [CP] Embed Pods Frameworks */,
				81ADE5B1728973553AFFC118 /* [CP] Copy Pods Resources */,
			);
			buildRules = (
			);
			dependencies = (
			);
			name = GithubExplorer;
			productName = GithubExplorer;
			productReference = 9E148A111DF5F6B100F2E0C3 /* GithubExplorer.app */;
			productType = "com.apple.product-type.application";
		};
/* End PBXNativeTarget section */

/* Begin PBXProject section */
		9E148A091DF5F6B100F2E0C3 /* Project object */ = {
			isa = PBXProject;
			attributes = {
				LastSwiftUpdateCheck = 0800;
				LastUpgradeCheck = 0800;
				ORGANIZATIONNAME = BVS;
				TargetAttributes = {
					9E148A101DF5F6B100F2E0C3 = {
						CreatedOnToolsVersion = 8.0;
						DevelopmentTeam = HU7ATM8NJ3;
						ProvisioningStyle = Automatic;
					};
				};
			};
			buildConfigurationList = 9E148A0C1DF5F6B100F2E0C3 /* Build configuration list for PBXProject "GithubExplorer" */;
			compatibilityVersion = "Xcode 3.2";
			developmentRegion = English;
			hasScannedForEncodings = 0;
			knownRegions = (
				en,
				Base,
			);
			mainGroup = 9E148A081DF5F6B100F2E0C3;
			productRefGroup = 9E148A121DF5F6B100F2E0C3 /* Products */;
			projectDirPath = "";
			projectRoot = "";
			targets = (
				9E148A101DF5F6B100F2E0C3 /* GithubExplorer */,
			);
		};
/* End PBXProject section */

/* Begin PBXResourcesBuildPhase section */
		9E148A0F1DF5F6B100F2E0C3 /* Resources */ = {
			isa = PBXResourcesBuildPhase;
			buildActionMask = 2147483647;
			files = (
				9E148A1F1DF5F6B100F2E0C3 /* LaunchScreen.storyboard in Resources */,
				9E148A1C1DF5F6B100F2E0C3 /* Assets.xcassets in Resources */,
				9E148A1A1DF5F6B100F2E0C3 /* Main.storyboard in Resources */,
			);
			runOnlyForDeploymentPostprocessing = 0;
		};
/* End PBXResourcesBuildPhase section */

/* Begin PBXShellScriptBuildPhase section */
		049ABE2D930BF95B932F922B /* [CP] Embed Pods Frameworks */ = {
			isa = PBXShellScriptBuildPhase;
			buildActionMask = 2147483647;
			files = (
			);
			inputPaths = (
			);
			name = "[CP] Embed Pods Frameworks";
			outputPaths = (
			);
			runOnlyForDeploymentPostprocessing = 0;
			shellPath = /bin/sh;
			shellScript = "\"${SRCROOT}/Pods/Target Support Files/Pods-GithubExplorer/Pods-GithubExplorer-frameworks.sh\"\n";
			showEnvVarsInLog = 0;
		};
		1EA230BCA489D55D957DFC2C /* [CP] Check Pods Manifest.lock */ = {
			isa = PBXShellScriptBuildPhase;
			buildActionMask = 2147483647;
			files = (
			);
			inputPaths = (
			);
			name = "[CP] Check Pods Manifest.lock";
			outputPaths = (
			);
			runOnlyForDeploymentPostprocessing = 0;
			shellPath = /bin/sh;
			shellScript = "diff \"${PODS_ROOT}/../Podfile.lock\" \"${PODS_ROOT}/Manifest.lock\" > /dev/null\nif [ $? != 0 ] ; then\n    # print error to STDERR\n    echo \"error: The sandbox is not in sync with the Podfile.lock. Run 'pod install' or update your CocoaPods installation.\" >&2\n    exit 1\nfi\n";
			showEnvVarsInLog = 0;
		};
		81ADE5B1728973553AFFC118 /* [CP] Copy Pods Resources */ = {
			isa = PBXShellScriptBuildPhase;
			buildActionMask = 2147483647;
			files = (
			);
			inputPaths = (
			);
			name = "[CP] Copy Pods Resources";
			outputPaths = (
			);
			runOnlyForDeploymentPostprocessing = 0;
			shellPath = /bin/sh;
			shellScript = "\"${SRCROOT}/Pods/Target Support Files/Pods-GithubExplorer/Pods-GithubExplorer-resources.sh\"\n";
			showEnvVarsInLog = 0;
		};
/* End PBXShellScriptBuildPhase section */

/* Begin PBXSourcesBuildPhase section */
		9E148A0D1DF5F6B100F2E0C3 /* Sources */ = {
			isa = PBXSourcesBuildPhase;
			buildActionMask = 2147483647;
			files = (
				9E148A291DF5FCE300F2E0C3 /* LoginViewController.swift in Sources */,
				9E148A2D1DF6D7B400F2E0C3 /* UnauthenticatedPlugin.swift in Sources */,
				9E148A2B1DF6D56900F2E0C3 /* CredentialsStorage.swift in Sources */,
				9E148A171DF5F6B100F2E0C3 /* ViewController.swift in Sources */,
				9E148A151DF5F6B100F2E0C3 /* AppDelegate.swift in Sources */,
				9E148A271DF5F88000F2E0C3 /* GithubService.swift in Sources */,
			);
			runOnlyForDeploymentPostprocessing = 0;
		};
/* End PBXSourcesBuildPhase section */

/* Begin PBXVariantGroup section */
		9E148A181DF5F6B100F2E0C3 /* Main.storyboard */ = {
			isa = PBXVariantGroup;
			children = (
				9E148A191DF5F6B100F2E0C3 /* Base */,
			);
			name = Main.storyboard;
			sourceTree = "<group>";
		};
		9E148A1D1DF5F6B100F2E0C3 /* LaunchScreen.storyboard */ = {
			isa = PBXVariantGroup;
			children = (
				9E148A1E1DF5F6B100F2E0C3 /* Base */,
			);
			name = LaunchScreen.storyboard;
			sourceTree = "<group>";
		};
/* End PBXVariantGroup section */

/* Begin XCBuildConfiguration section */
		9E148A211DF5F6B100F2E0C3 /* Debug */ = {
			isa = XCBuildConfiguration;
			buildSettings = {
				ALWAYS_SEARCH_USER_PATHS = NO;
				CLANG_ANALYZER_NONNULL = YES;
				CLANG_CXX_LANGUAGE_STANDARD = "gnu++0x";
				CLANG_CXX_LIBRARY = "libc++";
				CLANG_ENABLE_MODULES = YES;
				CLANG_ENABLE_OBJC_ARC = YES;
				CLANG_WARN_BOOL_CONVERSION = YES;
				CLANG_WARN_CONSTANT_CONVERSION = YES;
				CLANG_WARN_DIRECT_OBJC_ISA_USAGE = YES_ERROR;
				CLANG_WARN_DOCUMENTATION_COMMENTS = YES;
				CLANG_WARN_EMPTY_BODY = YES;
				CLANG_WARN_ENUM_CONVERSION = YES;
				CLANG_WARN_INFINITE_RECURSION = YES;
				CLANG_WARN_INT_CONVERSION = YES;
				CLANG_WARN_OBJC_ROOT_CLASS = YES_ERROR;
				CLANG_WARN_SUSPICIOUS_MOVES = YES;
				CLANG_WARN_UNREACHABLE_CODE = YES;
				CLANG_WARN__DUPLICATE_METHOD_MATCH = YES;
				"CODE_SIGN_IDENTITY[sdk=iphoneos*]" = "iPhone Developer";
				COPY_PHASE_STRIP = NO;
				DEBUG_INFORMATION_FORMAT = dwarf;
				ENABLE_STRICT_OBJC_MSGSEND = YES;
				ENABLE_TESTABILITY = YES;
				GCC_C_LANGUAGE_STANDARD = gnu99;
				GCC_DYNAMIC_NO_PIC = NO;
				GCC_NO_COMMON_BLOCKS = YES;
				GCC_OPTIMIZATION_LEVEL = 0;
				GCC_PREPROCESSOR_DEFINITIONS = (
					"DEBUG=1",
					"$(inherited)",
				);
				GCC_WARN_64_TO_32_BIT_CONVERSION = YES;
				GCC_WARN_ABOUT_RETURN_TYPE = YES_ERROR;
				GCC_WARN_UNDECLARED_SELECTOR = YES;
				GCC_WARN_UNINITIALIZED_AUTOS = YES_AGGRESSIVE;
				GCC_WARN_UNUSED_FUNCTION = YES;
				GCC_WARN_UNUSED_VARIABLE = YES;
				IPHONEOS_DEPLOYMENT_TARGET = 10.0;
				MTL_ENABLE_DEBUG_INFO = YES;
				ONLY_ACTIVE_ARCH = YES;
				SDKROOT = iphoneos;
				SWIFT_ACTIVE_COMPILATION_CONDITIONS = DEBUG;
				SWIFT_OPTIMIZATION_LEVEL = "-Onone";
				TARGETED_DEVICE_FAMILY = "1,2";
			};
			name = Debug;
		};
		9E148A221DF5F6B100F2E0C3 /* Release */ = {
			isa = XCBuildConfiguration;
			buildSettings = {
				ALWAYS_SEARCH_USER_PATHS = NO;
				CLANG_ANALYZER_NONNULL = YES;
				CLANG_CXX_LANGUAGE_STANDARD = "gnu++0x";
				CLANG_CXX_LIBRARY = "libc++";
				CLANG_ENABLE_MODULES = YES;
				CLANG_ENABLE_OBJC_ARC = YES;
				CLANG_WARN_BOOL_CONVERSION = YES;
				CLANG_WARN_CONSTANT_CONVERSION = YES;
				CLANG_WARN_DIRECT_OBJC_ISA_USAGE = YES_ERROR;
				CLANG_WARN_DOCUMENTATION_COMMENTS = YES;
				CLANG_WARN_EMPTY_BODY = YES;
				CLANG_WARN_ENUM_CONVERSION = YES;
				CLANG_WARN_INFINITE_RECURSION = YES;
				CLANG_WARN_INT_CONVERSION = YES;
				CLANG_WARN_OBJC_ROOT_CLASS = YES_ERROR;
				CLANG_WARN_SUSPICIOUS_MOVES = YES;
				CLANG_WARN_UNREACHABLE_CODE = YES;
				CLANG_WARN__DUPLICATE_METHOD_MATCH = YES;
				"CODE_SIGN_IDENTITY[sdk=iphoneos*]" = "iPhone Developer";
				COPY_PHASE_STRIP = NO;
				DEBUG_INFORMATION_FORMAT = "dwarf-with-dsym";
				ENABLE_NS_ASSERTIONS = NO;
				ENABLE_STRICT_OBJC_MSGSEND = YES;
				GCC_C_LANGUAGE_STANDARD = gnu99;
				GCC_NO_COMMON_BLOCKS = YES;
				GCC_WARN_64_TO_32_BIT_CONVERSION = YES;
				GCC_WARN_ABOUT_RETURN_TYPE = YES_ERROR;
				GCC_WARN_UNDECLARED_SELECTOR = YES;
				GCC_WARN_UNINITIALIZED_AUTOS = YES_AGGRESSIVE;
				GCC_WARN_UNUSED_FUNCTION = YES;
				GCC_WARN_UNUSED_VARIABLE = YES;
				IPHONEOS_DEPLOYMENT_TARGET = 10.0;
				MTL_ENABLE_DEBUG_INFO = NO;
				SDKROOT = iphoneos;
				SWIFT_OPTIMIZATION_LEVEL = "-Owholemodule";
				TARGETED_DEVICE_FAMILY = "1,2";
				VALIDATE_PRODUCT = YES;
			};
			name = Release;
		};
		9E148A241DF5F6B100F2E0C3 /* Debug */ = {
			isa = XCBuildConfiguration;
			baseConfigurationReference = 9C6C8D6F1C4B328098C4677C /* Pods-GithubExplorer.debug.xcconfig */;
			buildSettings = {
				ASSETCATALOG_COMPILER_APPICON_NAME = AppIcon;
				DEVELOPMENT_TEAM = HU7ATM8NJ3;
				INFOPLIST_FILE = GithubExplorer/Info.plist;
				LD_RUNPATH_SEARCH_PATHS = "$(inherited) @executable_path/Frameworks";
				PRODUCT_BUNDLE_IDENTIFIER = BVS.GithubExplorer;
				PRODUCT_NAME = "$(TARGET_NAME)";
				SWIFT_VERSION = 3.0;
			};
			name = Debug;
		};
		9E148A251DF5F6B100F2E0C3 /* Release */ = {
			isa = XCBuildConfiguration;
			baseConfigurationReference = B755E3DEF9206C6672F1DDB7 /* Pods-GithubExplorer.release.xcconfig */;
			buildSettings = {
				ASSETCATALOG_COMPILER_APPICON_NAME = AppIcon;
				DEVELOPMENT_TEAM = HU7ATM8NJ3;
				INFOPLIST_FILE = GithubExplorer/Info.plist;
				LD_RUNPATH_SEARCH_PATHS = "$(inherited) @executable_path/Frameworks";
				PRODUCT_BUNDLE_IDENTIFIER = BVS.GithubExplorer;
				PRODUCT_NAME = "$(TARGET_NAME)";
				SWIFT_VERSION = 3.0;
			};
			name = Release;
		};
/* End XCBuildConfiguration section */

/* Begin XCConfigurationList section */
		9E148A0C1DF5F6B100F2E0C3 /* Build configuration list for PBXProject "GithubExplorer" */ = {
			isa = XCConfigurationList;
			buildConfigurations = (
				9E148A211DF5F6B100F2E0C3 /* Debug */,
				9E148A221DF5F6B100F2E0C3 /* Release */,
			);
			defaultConfigurationIsVisible = 0;
			defaultConfigurationName = Release;
		};
		9E148A231DF5F6B100F2E0C3 /* Build configuration list for PBXNativeTarget "GithubExplorer" */ = {
			isa = XCConfigurationList;
			buildConfigurations = (
				9E148A241DF5F6B100F2E0C3 /* Debug */,
				9E148A251DF5F6B100F2E0C3 /* Release */,
			);
			defaultConfigurationIsVisible = 0;
			defaultConfigurationName = Release;
		};
/* End XCConfigurationList section */
	};
	rootObject = 9E148A091DF5F6B100F2E0C3 /* Project object */;
}
